{
  "requires": true,
  "lockfileVersion": 1,
  "dependencies": {
    "google-maps-react": {
      "version": "2.0.6",
      "resolved": "https://registry.npmjs.org/google-maps-react/-/google-maps-react-2.0.6.tgz",
      "integrity": "sha512-M8Eo9WndfQEfxcmm6yRq03qdJgw1x6rQmJ9DN+a+xPQ3K7yNDGkVDbinrf4/8vcox7nELbeopbm4bpefKewWfQ=="
    },
    "typeface-roboto": {
      "version": "1.1.13",
      "resolved": "https://registry.npmjs.org/typeface-roboto/-/typeface-roboto-1.1.13.tgz",
      "integrity": "sha512-YXvbd3a1QTREoD+FJoEkl0VQNJoEjewR2H11IjVv4bp6ahuIcw0yyw/3udC4vJkHw3T3cUh85FTg8eWef3pSaw=="
    }
  }
}
